
Microsoft Visual Studio Solution File, Format Version 12.00
# Visual Studio Version 16
VisualStudioVersion = 16.0.29505.145
MinimumVisualStudioVersion = 10.0.40219.1
Project("{FAE04EC0-301F-11D3-BF4B-00C04F79EFBC}") = "SwaggerAzureADWebAPIAuthentication", "SwaggerAzureADWebAPIAuthentication\SwaggerAzureADWebAPIAuthentication.csproj", "{3E5B784B-0220-49B8-BEFC-DBEECF3CB1F7}"
EndProject
Global
	GlobalSection(SolutionConfigurationPlatforms) = preSolution
		Debug|Any CPU = Debug|Any CPU
		Release|Any CPU = Release|Any CPU
	EndGlobalSection
	GlobalSection(ProjectConfigurationPlatforms) = postSolution
		{3E5B784B-0220-49B8-BEFC-DBEECF3CB1F7}.Debug|Any CPU.ActiveCfg = Debug|Any CPU
		{3E5B784B-0220-49B8-BEFC-DBEECF3CB1F7}.Debug|Any CPU.Build.0 = Debug|Any CPU
		{3E5B784B-0220-49B8-BEFC-DBEECF3CB1F7}.Release|Any CPU.ActiveCfg = Release|Any CPU
		{3E5B784B-0220-49B8-BEFC-DBEECF3CB1F7}.Release|Any CPU.Build.0 = Release|Any CPU
	EndGlobalSection
	GlobalSection(SolutionProperties) = preSolution
		HideSolutionNode = FALSE
	EndGlobalSection
	GlobalSection(ExtensibilityGlobals) = postSolution
		SolutionGuid = {B53D7918-9A50-49F5-97B9-96E164C4E53B}
	EndGlobalSection
EndGlobal
